
Microsoft Visual Studio Solution File, Format Version 12.00
# Visual Studio Version 17
VisualStudioVersion = 17.13.35818.85
MinimumVisualStudioVersion = 10.0.40219.1
Project("{2150E333-8FDC-42A3-9474-1A3956D46DE8}") = "__tests__", "__tests__", "{02EA681E-C7D8-13C7-8484-4AC65E1B71E8}"
EndProject
Project("{2150E333-8FDC-42A3-9474-1A3956D46DE8}") = "src", "src", "{03FE183A-B753-48C7-9880-059A707D0272}"
	ProjectSection(SolutionItems) = preProject
		docker-compose.yml = docker-compose.yml
	EndProjectSection
EndProject
Project("{2150E333-8FDC-42A3-9474-1A3956D46DE8}") = "Unit", "Unit", "{B8AFE519-3782-4285-A4FA-E6BBE1770FCB}"
EndProject
Project("{2150E333-8FDC-42A3-9474-1A3956D46DE8}") = "Integration", "Integration", "{7FAB2220-5231-4B7C-B056-DA9F0F2D035D}"
EndProject
Project("{FAE04EC0-301F-11D3-BF4B-00C04F79EFBC}") = "PocMediatR.Common.Tests", "__tests__\Unit\PocMediatR.Common.Tests\PocMediatR.Common.Tests.csproj", "{3FF25853-E6E4-4820-A652-ED9ED44EB7E7}"
EndProject
Project("{FAE04EC0-301F-11D3-BF4B-00C04F79EFBC}") = "PocMediatR.Application.Tests", "__tests__\Unit\PocMediatR.Application.Tests\PocMediatR.Application.Tests.csproj", "{8387ACCC-B240-431A-B0A1-CD80257C5040}"
EndProject
Project("{FAE04EC0-301F-11D3-BF4B-00C04F79EFBC}") = "PocMediatR.Domain.Tests", "__tests__\Unit\PocMediatR.Domain.Tests\PocMediatR.Domain.Tests.csproj", "{AB04A02F-7368-44FF-AC44-A93F2A9CD9E6}"
EndProject
Project("{FAE04EC0-301F-11D3-BF4B-00C04F79EFBC}") = "PocMediatR.Infra.Tests", "__tests__\Unit\PocMediatR.Infra.Tests\PocMediatR.Infra.Tests.csproj", "{42F02CC6-7ADA-4946-9524-72E3898F5DC3}"
EndProject
Project("{FAE04EC0-301F-11D3-BF4B-00C04F79EFBC}") = "PocMediatR.API.Tests", "__tests__\Unit\PocMediatR.API.tests\PocMediatR.API.Tests.csproj", "{621A499A-9DB3-2964-6149-C0F720D20443}"
EndProject
Project("{FAE04EC0-301F-11D3-BF4B-00C04F79EFBC}") = "PocMediatR.API", "src\PocMediatR.API\PocMediatR.API.csproj", "{582B80CE-AD12-FA57-D60A-07BAA806FEB4}"
EndProject
Project("{FAE04EC0-301F-11D3-BF4B-00C04F79EFBC}") = "PocMediatR.Application", "src\PocMediatR.Application\PocMediatR.Application.csproj", "{6DE69F27-CA24-F76F-F7BF-61797A1154B0}"
EndProject
Project("{FAE04EC0-301F-11D3-BF4B-00C04F79EFBC}") = "PocMediatR.Common", "src\PocMediatR.Common\PocMediatR.Common.csproj", "{B0D84C81-CAF4-9D3F-3F7D-D129C8308EED}"
EndProject
Project("{FAE04EC0-301F-11D3-BF4B-00C04F79EFBC}") = "PocMediatR.Domain", "src\PocMediatR.Domain\PocMediatR.Domain.csproj", "{193D68D6-F33D-55D9-5202-8C3D405188BF}"
EndProject
Project("{FAE04EC0-301F-11D3-BF4B-00C04F79EFBC}") = "PocMediatR.Infra", "src\PocMediatR.Infra\PocMediatR.Infra.csproj", "{A5B56D29-DEFD-90FC-9C43-766326CA3E4C}"
EndProject
Project("{FAE04EC0-301F-11D3-BF4B-00C04F79EFBC}") = "PocMediatR.EntitySyncWorker", "src\PocMediatR.EntitySyncWorker\PocMediatR.EntitySyncWorker.csproj", "{F46E6015-0431-1C7A-E8FF-A53B80251254}"
EndProject
Global
	GlobalSection(SolutionConfigurationPlatforms) = preSolution
		Debug|Any CPU = Debug|Any CPU
		Release|Any CPU = Release|Any CPU
	EndGlobalSection
	GlobalSection(ProjectConfigurationPlatforms) = postSolution
		{3FF25853-E6E4-4820-A652-ED9ED44EB7E7}.Debug|Any CPU.ActiveCfg = Debug|Any CPU
		{3FF25853-E6E4-4820-A652-ED9ED44EB7E7}.Debug|Any CPU.Build.0 = Debug|Any CPU
		{3FF25853-E6E4-4820-A652-ED9ED44EB7E7}.Release|Any CPU.ActiveCfg = Release|Any CPU
		{3FF25853-E6E4-4820-A652-ED9ED44EB7E7}.Release|Any CPU.Build.0 = Release|Any CPU
		{8387ACCC-B240-431A-B0A1-CD80257C5040}.Debug|Any CPU.ActiveCfg = Debug|Any CPU
		{8387ACCC-B240-431A-B0A1-CD80257C5040}.Debug|Any CPU.Build.0 = Debug|Any CPU
		{8387ACCC-B240-431A-B0A1-CD80257C5040}.Release|Any CPU.ActiveCfg = Release|Any CPU
		{8387ACCC-B240-431A-B0A1-CD80257C5040}.Release|Any CPU.Build.0 = Release|Any CPU
		{AB04A02F-7368-44FF-AC44-A93F2A9CD9E6}.Debug|Any CPU.ActiveCfg = Debug|Any CPU
		{AB04A02F-7368-44FF-AC44-A93F2A9CD9E6}.Debug|Any CPU.Build.0 = Debug|Any CPU
		{AB04A02F-7368-44FF-AC44-A93F2A9CD9E6}.Release|Any CPU.ActiveCfg = Release|Any CPU
		{AB04A02F-7368-44FF-AC44-A93F2A9CD9E6}.Release|Any CPU.Build.0 = Release|Any CPU
		{42F02CC6-7ADA-4946-9524-72E3898F5DC3}.Debug|Any CPU.ActiveCfg = Debug|Any CPU
		{42F02CC6-7ADA-4946-9524-72E3898F5DC3}.Debug|Any CPU.Build.0 = Debug|Any CPU
		{42F02CC6-7ADA-4946-9524-72E3898F5DC3}.Release|Any CPU.ActiveCfg = Release|Any CPU
		{42F02CC6-7ADA-4946-9524-72E3898F5DC3}.Release|Any CPU.Build.0 = Release|Any CPU
		{621A499A-9DB3-2964-6149-C0F720D20443}.Debug|Any CPU.ActiveCfg = Debug|Any CPU
		{621A499A-9DB3-2964-6149-C0F720D20443}.Debug|Any CPU.Build.0 = Debug|Any CPU
		{621A499A-9DB3-2964-6149-C0F720D20443}.Release|Any CPU.ActiveCfg = Release|Any CPU
		{621A499A-9DB3-2964-6149-C0F720D20443}.Release|Any CPU.Build.0 = Release|Any CPU
		{582B80CE-AD12-FA57-D60A-07BAA806FEB4}.Debug|Any CPU.ActiveCfg = Debug|Any CPU
		{582B80CE-AD12-FA57-D60A-07BAA806FEB4}.Debug|Any CPU.Build.0 = Debug|Any CPU
		{582B80CE-AD12-FA57-D60A-07BAA806FEB4}.Release|Any CPU.ActiveCfg = Release|Any CPU
		{582B80CE-AD12-FA57-D60A-07BAA806FEB4}.Release|Any CPU.Build.0 = Release|Any CPU
		{6DE69F27-CA24-F76F-F7BF-61797A1154B0}.Debug|Any CPU.ActiveCfg = Debug|Any CPU
		{6DE69F27-CA24-F76F-F7BF-61797A1154B0}.Debug|Any CPU.Build.0 = Debug|Any CPU
		{6DE69F27-CA24-F76F-F7BF-61797A1154B0}.Release|Any CPU.ActiveCfg = Release|Any CPU
		{6DE69F27-CA24-F76F-F7BF-61797A1154B0}.Release|Any CPU.Build.0 = Release|Any CPU
		{B0D84C81-CAF4-9D3F-3F7D-D129C8308EED}.Debug|Any CPU.ActiveCfg = Debug|Any CPU
		{B0D84C81-CAF4-9D3F-3F7D-D129C8308EED}.Debug|Any CPU.Build.0 = Debug|Any CPU
		{B0D84C81-CAF4-9D3F-3F7D-D129C8308EED}.Release|Any CPU.ActiveCfg = Release|Any CPU
		{B0D84C81-CAF4-9D3F-3F7D-D129C8308EED}.Release|Any CPU.Build.0 = Release|Any CPU
		{193D68D6-F33D-55D9-5202-8C3D405188BF}.Debug|Any CPU.ActiveCfg = Debug|Any CPU
		{193D68D6-F33D-55D9-5202-8C3D405188BF}.Debug|Any CPU.Build.0 = Debug|Any CPU
		{193D68D6-F33D-55D9-5202-8C3D405188BF}.Release|Any CPU.ActiveCfg = Release|Any CPU
		{193D68D6-F33D-55D9-5202-8C3D405188BF}.Release|Any CPU.Build.0 = Release|Any CPU
		{A5B56D29-DEFD-90FC-9C43-766326CA3E4C}.Debug|Any CPU.ActiveCfg = Debug|Any CPU
		{A5B56D29-DEFD-90FC-9C43-766326CA3E4C}.Debug|Any CPU.Build.0 = Debug|Any CPU
		{A5B56D29-DEFD-90FC-9C43-766326CA3E4C}.Release|Any CPU.ActiveCfg = Release|Any CPU
		{A5B56D29-DEFD-90FC-9C43-766326CA3E4C}.Release|Any CPU.Build.0 = Release|Any CPU
		{F46E6015-0431-1C7A-E8FF-A53B80251254}.Debug|Any CPU.ActiveCfg = Debug|Any CPU
		{F46E6015-0431-1C7A-E8FF-A53B80251254}.Debug|Any CPU.Build.0 = Debug|Any CPU
		{F46E6015-0431-1C7A-E8FF-A53B80251254}.Release|Any CPU.ActiveCfg = Release|Any CPU
		{F46E6015-0431-1C7A-E8FF-A53B80251254}.Release|Any CPU.Build.0 = Release|Any CPU
	EndGlobalSection
	GlobalSection(SolutionProperties) = preSolution
		HideSolutionNode = FALSE
	EndGlobalSection
	GlobalSection(NestedProjects) = preSolution
		{B8AFE519-3782-4285-A4FA-E6BBE1770FCB} = {02EA681E-C7D8-13C7-8484-4AC65E1B71E8}
		{7FAB2220-5231-4B7C-B056-DA9F0F2D035D} = {02EA681E-C7D8-13C7-8484-4AC65E1B71E8}
		{3FF25853-E6E4-4820-A652-ED9ED44EB7E7} = {B8AFE519-3782-4285-A4FA-E6BBE1770FCB}
		{8387ACCC-B240-431A-B0A1-CD80257C5040} = {B8AFE519-3782-4285-A4FA-E6BBE1770FCB}
		{AB04A02F-7368-44FF-AC44-A93F2A9CD9E6} = {B8AFE519-3782-4285-A4FA-E6BBE1770FCB}
		{42F02CC6-7ADA-4946-9524-72E3898F5DC3} = {B8AFE519-3782-4285-A4FA-E6BBE1770FCB}
		{621A499A-9DB3-2964-6149-C0F720D20443} = {B8AFE519-3782-4285-A4FA-E6BBE1770FCB}
		{582B80CE-AD12-FA57-D60A-07BAA806FEB4} = {03FE183A-B753-48C7-9880-059A707D0272}
		{6DE69F27-CA24-F76F-F7BF-61797A1154B0} = {03FE183A-B753-48C7-9880-059A707D0272}
		{B0D84C81-CAF4-9D3F-3F7D-D129C8308EED} = {03FE183A-B753-48C7-9880-059A707D0272}
		{193D68D6-F33D-55D9-5202-8C3D405188BF} = {03FE183A-B753-48C7-9880-059A707D0272}
		{A5B56D29-DEFD-90FC-9C43-766326CA3E4C} = {03FE183A-B753-48C7-9880-059A707D0272}
		{F46E6015-0431-1C7A-E8FF-A53B80251254} = {03FE183A-B753-48C7-9880-059A707D0272}
	EndGlobalSection
	GlobalSection(ExtensibilityGlobals) = postSolution
		SolutionGuid = {E3AA53A1-C93D-4A59-B390-EC6E2DD6801E}
	EndGlobalSection
EndGlobal
